
Microsoft Visual Studio Solution File, Format Version 12.00
# Visual Studio Version 16
VisualStudioVersion = 16.0.31911.196
MinimumVisualStudioVersion = 10.0.40219.1
Project("{FAE04EC0-301F-11D3-BF4B-00C04F79EFBC}") = "FIRST_MVC", "FIRST_MVC\FIRST_MVC.csproj", "{5EA64E0D-5D44-41E4-A0A6-2D5E487FEA31}"
EndProject
Global
	GlobalSection(SolutionConfigurationPlatforms) = preSolution
		Debug|Any CPU = Debug|Any CPU
		Release|Any CPU = Release|Any CPU
	EndGlobalSection
	GlobalSection(ProjectConfigurationPlatforms) = postSolution
		{5EA64E0D-5D44-41E4-A0A6-2D5E487FEA31}.Debug|Any CPU.ActiveCfg = Debug|Any CPU
		{5EA64E0D-5D44-41E4-A0A6-2D5E487FEA31}.Debug|Any CPU.Build.0 = Debug|Any CPU
		{5EA64E0D-5D44-41E4-A0A6-2D5E487FEA31}.Release|Any CPU.ActiveCfg = Release|Any CPU
		{5EA64E0D-5D44-41E4-A0A6-2D5E487FEA31}.Release|Any CPU.Build.0 = Release|Any CPU
	EndGlobalSection
	GlobalSection(SolutionProperties) = preSolution
		HideSolutionNode = FALSE
	EndGlobalSection
	GlobalSection(ExtensibilityGlobals) = postSolution
		SolutionGuid = {B1C92E1B-59FB-4487-953F-58063F35F74E}
	EndGlobalSection
EndGlobal
